Microsoft Visual Studio Solution File, Format Version 12.00
# Visual Studio Version 17
VisualStudioVersion = 17.5.2.0
MinimumVisualStudioVersion = 10.0.40219.1
Project("{FAE04EC0-301F-11D3-BF4B-00C04F79EFBC}") = "actividad_28", "actividad_28.csproj", "{5311C0F9-1C8A-4B67-3521-6DC048524F0F}"
EndProject
Global
	GlobalSection(SolutionConfigurationPlatforms) = preSolution
		Debug|Any CPU = Debug|Any CPU
		Release|Any CPU = Release|Any CPU
	EndGlobalSection
	GlobalSection(ProjectConfigurationPlatforms) = postSolution
		{5311C0F9-1C8A-4B67-3521-6DC048524F0F}.Debug|Any CPU.ActiveCfg = Debug|Any CPU
		{5311C0F9-1C8A-4B67-3521-6DC048524F0F}.Debug|Any CPU.Build.0 = Debug|Any CPU
		{5311C0F9-1C8A-4B67-3521-6DC048524F0F}.Release|Any CPU.ActiveCfg = Release|Any CPU
		{5311C0F9-1C8A-4B67-3521-6DC048524F0F}.Release|Any CPU.Build.0 = Release|Any CPU
	EndGlobalSection
	GlobalSection(SolutionProperties) = preSolution
		HideSolutionNode = FALSE
	EndGlobalSection
	GlobalSection(ExtensibilityGlobals) = postSolution
		SolutionGuid = {DF98F056-3820-4724-B376-BF76E4BCC6E4}
	EndGlobalSection
EndGlobal
