Microsoft Visual Studio Solution File, Format Version 12.00
# Visual Studio Version 17
VisualStudioVersion = 17.5.2.0
MinimumVisualStudioVersion = 10.0.40219.1
Project("{FAE04EC0-301F-11D3-BF4B-00C04F79EFBC}") = "actividad_20", "actividad_20.csproj", "{02476C6C-3FB4-963E-64B7-0C0C74312619}"
EndProject
Global
	GlobalSection(SolutionConfigurationPlatforms) = preSolution
		Debug|Any CPU = Debug|Any CPU
		Release|Any CPU = Release|Any CPU
	EndGlobalSection
	GlobalSection(ProjectConfigurationPlatforms) = postSolution
		{02476C6C-3FB4-963E-64B7-0C0C74312619}.Debug|Any CPU.ActiveCfg = Debug|Any CPU
		{02476C6C-3FB4-963E-64B7-0C0C74312619}.Debug|Any CPU.Build.0 = Debug|Any CPU
		{02476C6C-3FB4-963E-64B7-0C0C74312619}.Release|Any CPU.ActiveCfg = Release|Any CPU
		{02476C6C-3FB4-963E-64B7-0C0C74312619}.Release|Any CPU.Build.0 = Release|Any CPU
	EndGlobalSection
	GlobalSection(SolutionProperties) = preSolution
		HideSolutionNode = FALSE
	EndGlobalSection
	GlobalSection(ExtensibilityGlobals) = postSolution
		SolutionGuid = {6BEAB8A4-0ACE-477E-822F-5436760639F3}
	EndGlobalSection
EndGlobal
