Microsoft Visual Studio Solution File, Format Version 12.00
# Visual Studio Version 17
VisualStudioVersion = 17.5.2.0
MinimumVisualStudioVersion = 10.0.40219.1
Project("{FAE04EC0-301F-11D3-BF4B-00C04F79EFBC}") = "actividad_17", "actividad_17.csproj", "{8055F14B-38C2-3946-1988-0B5255C76C99}"
EndProject
Global
	GlobalSection(SolutionConfigurationPlatforms) = preSolution
		Debug|Any CPU = Debug|Any CPU
		Release|Any CPU = Release|Any CPU
	EndGlobalSection
	GlobalSection(ProjectConfigurationPlatforms) = postSolution
		{8055F14B-38C2-3946-1988-0B5255C76C99}.Debug|Any CPU.ActiveCfg = Debug|Any CPU
		{8055F14B-38C2-3946-1988-0B5255C76C99}.Debug|Any CPU.Build.0 = Debug|Any CPU
		{8055F14B-38C2-3946-1988-0B5255C76C99}.Release|Any CPU.ActiveCfg = Release|Any CPU
		{8055F14B-38C2-3946-1988-0B5255C76C99}.Release|Any CPU.Build.0 = Release|Any CPU
	EndGlobalSection
	GlobalSection(SolutionProperties) = preSolution
		HideSolutionNode = FALSE
	EndGlobalSection
	GlobalSection(ExtensibilityGlobals) = postSolution
		SolutionGuid = {6936FAE2-E063-42C1-B40A-3DFD4ED5C27F}
	EndGlobalSection
EndGlobal
