Microsoft Visual Studio Solution File, Format Version 12.00
# Visual Studio Version 17
VisualStudioVersion = 17.5.2.0
MinimumVisualStudioVersion = 10.0.40219.1
Project("{FAE04EC0-301F-11D3-BF4B-00C04F79EFBC}") = "actividad_13", "actividad_13.csproj", "{1036AB29-2366-37B5-74DA-09D567CEBA7F}"
EndProject
Global
	GlobalSection(SolutionConfigurationPlatforms) = preSolution
		Debug|Any CPU = Debug|Any CPU
		Release|Any CPU = Release|Any CPU
	EndGlobalSection
	GlobalSection(ProjectConfigurationPlatforms) = postSolution
		{1036AB29-2366-37B5-74DA-09D567CEBA7F}.Debug|Any CPU.ActiveCfg = Debug|Any CPU
		{1036AB29-2366-37B5-74DA-09D567CEBA7F}.Debug|Any CPU.Build.0 = Debug|Any CPU
		{1036AB29-2366-37B5-74DA-09D567CEBA7F}.Release|Any CPU.ActiveCfg = Release|Any CPU
		{1036AB29-2366-37B5-74DA-09D567CEBA7F}.Release|Any CPU.Build.0 = Release|Any CPU
	EndGlobalSection
	GlobalSection(SolutionProperties) = preSolution
		HideSolutionNode = FALSE
	EndGlobalSection
	GlobalSection(ExtensibilityGlobals) = postSolution
		SolutionGuid = {C3EDCFC5-EE00-44FF-8315-0962D35905CD}
	EndGlobalSection
EndGlobal
