Microsoft Visual Studio Solution File, Format Version 12.00
# Visual Studio Version 17
VisualStudioVersion = 17.5.2.0
MinimumVisualStudioVersion = 10.0.40219.1
Project("{FAE04EC0-301F-11D3-BF4B-00C04F79EFBC}") = "actividad_23", "actividad_23.csproj", "{D6980749-8980-AB3F-4A30-B8604BAB75CF}"
EndProject
Global
	GlobalSection(SolutionConfigurationPlatforms) = preSolution
		Debug|Any CPU = Debug|Any CPU
		Release|Any CPU = Release|Any CPU
	EndGlobalSection
	GlobalSection(ProjectConfigurationPlatforms) = postSolution
		{D6980749-8980-AB3F-4A30-B8604BAB75CF}.Debug|Any CPU.ActiveCfg = Debug|Any CPU
		{D6980749-8980-AB3F-4A30-B8604BAB75CF}.Debug|Any CPU.Build.0 = Debug|Any CPU
		{D6980749-8980-AB3F-4A30-B8604BAB75CF}.Release|Any CPU.ActiveCfg = Release|Any CPU
		{D6980749-8980-AB3F-4A30-B8604BAB75CF}.Release|Any CPU.Build.0 = Release|Any CPU
	EndGlobalSection
	GlobalSection(SolutionProperties) = preSolution
		HideSolutionNode = FALSE
	EndGlobalSection
	GlobalSection(ExtensibilityGlobals) = postSolution
		SolutionGuid = {573342BB-9B15-4E2F-B305-C914EE13820A}
	EndGlobalSection
EndGlobal
